
Microsoft Visual Studio Solution File, Format Version 12.00
# Visual Studio Version 17
VisualStudioVersion = 17.6.33801.468
MinimumVisualStudioVersion = 10.0.40219.1
Project("{9A19103F-16F7-4668-BE54-9A1E7A4F7556}") = "VamsUI.Vams.Interactivity", "VamsUI.Vams.Interactivity\VamsUI.Vams.Interactivity.csproj", "{17F435FD-1324-47CC-8EAA-E94F95D6E976}"
EndProject
Project("{9A19103F-16F7-4668-BE54-9A1E7A4F7556}") = "VamsUI.Vams.Data", "VamsUI.Vams.Data\VamsUI.Vams.Data.csproj", "{0160F28A-741D-4413-8444-FAD3DAB4ABD3}"
EndProject
Project("{9A19103F-16F7-4668-BE54-9A1E7A4F7556}") = "VamsUI.Vams.Expression.Drawing", "VamsUI.Vams.Expression.Drawing\VamsUI.Vams.Expression.Drawing.csproj", "{4C9A3C01-1689-4841-90EB-17DFA54A6AAB}"
EndProject
Project("{9A19103F-16F7-4668-BE54-9A1E7A4F7556}") = "VamsUI.Vams.Shared", "VamsUI.Vams.Shared\VamsUI.Vams.Shared.csproj", "{8CA47702-9DD3-45B2-AC66-02615F15F9C1}"
EndProject
Project("{9A19103F-16F7-4668-BE54-9A1E7A4F7556}") = "VamsUI.Vams.Demo", "VamsUI.Vams.Demo\VamsUI.Vams.Demo.csproj", "{7D34C21E-97C7-45C7-890F-EF2C677CFA41}"
EndProject
Project("{9A19103F-16F7-4668-BE54-9A1E7A4F7556}") = "VamsUI.Vams.PrismDemo.Modules.ModuleName", "VamsUI.Vams.PrismDemo\Modules\VamsUI.Vams.PrismDemo.Modules.ModuleName\VamsUI.Vams.PrismDemo.Modules.ModuleName.csproj", "{BEACA0C0-8ED9-42B7-A2F2-BD9C3F11817D}"
EndProject
Project("{9A19103F-16F7-4668-BE54-9A1E7A4F7556}") = "VamsUI.Vams.PrismDemo.Services", "VamsUI.Vams.PrismDemo\Services\VamsUI.Vams.PrismDemo.Services\VamsUI.Vams.PrismDemo.Services.csproj", "{5AC6206E-5A98-46F8-9CB9-0C023C9D9E22}"
EndProject
Project("{9A19103F-16F7-4668-BE54-9A1E7A4F7556}") = "VamsUI.Vams.PrismDemo.Services.Interfaces", "VamsUI.Vams.PrismDemo\Services\VamsUI.Vams.PrismDemo.Services.Interfaces\VamsUI.Vams.PrismDemo.Services.Interfaces.csproj", "{3D2F6832-6366-49DE-B8AF-B3656E701199}"
EndProject
Project("{9A19103F-16F7-4668-BE54-9A1E7A4F7556}") = "VamsUI.Vams.PrismDemo", "VamsUI.Vams.PrismDemo\VamsUI.Vams.PrismDemo\VamsUI.Vams.PrismDemo.csproj", "{94C44618-1FF0-4320-9883-F4D8E6662E9C}"
EndProject
Project("{9A19103F-16F7-4668-BE54-9A1E7A4F7556}") = "VamsUI.Vams.PrismDemo.Core", "VamsUI.Vams.PrismDemo\VamsUI.Vams.PrismDemo.Core\VamsUI.Vams.PrismDemo.Core.csproj", "{5FED4CA3-C58E-402A-8462-6013CC963502}"
EndProject
Global
	GlobalSection(SolutionConfigurationPlatforms) = preSolution
		Debug|Any CPU = Debug|Any CPU
		Release|Any CPU = Release|Any CPU
	EndGlobalSection
	GlobalSection(ProjectConfigurationPlatforms) = postSolution
		{17F435FD-1324-47CC-8EAA-E94F95D6E976}.Debug|Any CPU.ActiveCfg = Debug|Any CPU
		{17F435FD-1324-47CC-8EAA-E94F95D6E976}.Debug|Any CPU.Build.0 = Debug|Any CPU
		{17F435FD-1324-47CC-8EAA-E94F95D6E976}.Release|Any CPU.ActiveCfg = Release|Any CPU
		{17F435FD-1324-47CC-8EAA-E94F95D6E976}.Release|Any CPU.Build.0 = Release|Any CPU
		{0160F28A-741D-4413-8444-FAD3DAB4ABD3}.Debug|Any CPU.ActiveCfg = Debug|Any CPU
		{0160F28A-741D-4413-8444-FAD3DAB4ABD3}.Debug|Any CPU.Build.0 = Debug|Any CPU
		{0160F28A-741D-4413-8444-FAD3DAB4ABD3}.Release|Any CPU.ActiveCfg = Release|Any CPU
		{0160F28A-741D-4413-8444-FAD3DAB4ABD3}.Release|Any CPU.Build.0 = Release|Any CPU
		{4C9A3C01-1689-4841-90EB-17DFA54A6AAB}.Debug|Any CPU.ActiveCfg = Debug|Any CPU
		{4C9A3C01-1689-4841-90EB-17DFA54A6AAB}.Debug|Any CPU.Build.0 = Debug|Any CPU
		{4C9A3C01-1689-4841-90EB-17DFA54A6AAB}.Release|Any CPU.ActiveCfg = Release|Any CPU
		{4C9A3C01-1689-4841-90EB-17DFA54A6AAB}.Release|Any CPU.Build.0 = Release|Any CPU
		{8CA47702-9DD3-45B2-AC66-02615F15F9C1}.Debug|Any CPU.ActiveCfg = Debug|Any CPU
		{8CA47702-9DD3-45B2-AC66-02615F15F9C1}.Debug|Any CPU.Build.0 = Debug|Any CPU
		{8CA47702-9DD3-45B2-AC66-02615F15F9C1}.Release|Any CPU.ActiveCfg = Release|Any CPU
		{8CA47702-9DD3-45B2-AC66-02615F15F9C1}.Release|Any CPU.Build.0 = Release|Any CPU
		{7D34C21E-97C7-45C7-890F-EF2C677CFA41}.Debug|Any CPU.ActiveCfg = Debug|Any CPU
		{7D34C21E-97C7-45C7-890F-EF2C677CFA41}.Debug|Any CPU.Build.0 = Debug|Any CPU
		{7D34C21E-97C7-45C7-890F-EF2C677CFA41}.Release|Any CPU.ActiveCfg = Release|Any CPU
		{7D34C21E-97C7-45C7-890F-EF2C677CFA41}.Release|Any CPU.Build.0 = Release|Any CPU
		{BEACA0C0-8ED9-42B7-A2F2-BD9C3F11817D}.Debug|Any CPU.ActiveCfg = Debug|Any CPU
		{BEACA0C0-8ED9-42B7-A2F2-BD9C3F11817D}.Debug|Any CPU.Build.0 = Debug|Any CPU
		{BEACA0C0-8ED9-42B7-A2F2-BD9C3F11817D}.Release|Any CPU.ActiveCfg = Release|Any CPU
		{BEACA0C0-8ED9-42B7-A2F2-BD9C3F11817D}.Release|Any CPU.Build.0 = Release|Any CPU
		{5AC6206E-5A98-46F8-9CB9-0C023C9D9E22}.Debug|Any CPU.ActiveCfg = Debug|Any CPU
		{5AC6206E-5A98-46F8-9CB9-0C023C9D9E22}.Debug|Any CPU.Build.0 = Debug|Any CPU
		{5AC6206E-5A98-46F8-9CB9-0C023C9D9E22}.Release|Any CPU.ActiveCfg = Release|Any CPU
		{5AC6206E-5A98-46F8-9CB9-0C023C9D9E22}.Release|Any CPU.Build.0 = Release|Any CPU
		{3D2F6832-6366-49DE-B8AF-B3656E701199}.Debug|Any CPU.ActiveCfg = Debug|Any CPU
		{3D2F6832-6366-49DE-B8AF-B3656E701199}.Debug|Any CPU.Build.0 = Debug|Any CPU
		{3D2F6832-6366-49DE-B8AF-B3656E701199}.Release|Any CPU.ActiveCfg = Release|Any CPU
		{3D2F6832-6366-49DE-B8AF-B3656E701199}.Release|Any CPU.Build.0 = Release|Any CPU
		{94C44618-1FF0-4320-9883-F4D8E6662E9C}.Debug|Any CPU.ActiveCfg = Debug|Any CPU
		{94C44618-1FF0-4320-9883-F4D8E6662E9C}.Debug|Any CPU.Build.0 = Debug|Any CPU
		{94C44618-1FF0-4320-9883-F4D8E6662E9C}.Release|Any CPU.ActiveCfg = Release|Any CPU
		{94C44618-1FF0-4320-9883-F4D8E6662E9C}.Release|Any CPU.Build.0 = Release|Any CPU
		{5FED4CA3-C58E-402A-8462-6013CC963502}.Debug|Any CPU.ActiveCfg = Debug|Any CPU
		{5FED4CA3-C58E-402A-8462-6013CC963502}.Debug|Any CPU.Build.0 = Debug|Any CPU
		{5FED4CA3-C58E-402A-8462-6013CC963502}.Release|Any CPU.ActiveCfg = Release|Any CPU
		{5FED4CA3-C58E-402A-8462-6013CC963502}.Release|Any CPU.Build.0 = Release|Any CPU
	EndGlobalSection
	GlobalSection(SolutionProperties) = preSolution
		HideSolutionNode = FALSE
	EndGlobalSection
	GlobalSection(ExtensibilityGlobals) = postSolution
		SolutionGuid = {DC8C2404-E437-44D3-BC1B-76378B1A9CC1}
	EndGlobalSection
EndGlobal
